
Microsoft Visual Studio Solution File, Format Version 12.00
# Visual Studio 2013
VisualStudioVersion = 12.0.21005.1
MinimumVisualStudioVersion = 10.0.40219.1
Project("{FAE04EC0-301F-11D3-BF4B-00C04F79EFBC}") = "TCC.View", "TCC.View\TCC.View.csproj", "{EB8F1E53-A806-42BE-A6F1-3EE41E196F30}"
EndProject
Project("{FAE04EC0-301F-11D3-BF4B-00C04F79EFBC}") = "TCC.Data", "TCC.Data\TCC.Data.csproj", "{BCF8AA54-695A-4347-A968-ACCC9DAD6CD1}"
EndProject
Global
	GlobalSection(SolutionConfigurationPlatforms) = preSolution
		Debug|Any CPU = Debug|Any CPU
		Release|Any CPU = Release|Any CPU
	EndGlobalSection
	GlobalSection(ProjectConfigurationPlatforms) = postSolution
		{EB8F1E53-A806-42BE-A6F1-3EE41E196F30}.Debug|Any CPU.ActiveCfg = Debug|Any CPU
		{EB8F1E53-A806-42BE-A6F1-3EE41E196F30}.Debug|Any CPU.Build.0 = Debug|Any CPU
		{EB8F1E53-A806-42BE-A6F1-3EE41E196F30}.Release|Any CPU.ActiveCfg = Release|Any CPU
		{EB8F1E53-A806-42BE-A6F1-3EE41E196F30}.Release|Any CPU.Build.0 = Release|Any CPU
		{BCF8AA54-695A-4347-A968-ACCC9DAD6CD1}.Debug|Any CPU.ActiveCfg = Debug|Any CPU
		{BCF8AA54-695A-4347-A968-ACCC9DAD6CD1}.Debug|Any CPU.Build.0 = Debug|Any CPU
		{BCF8AA54-695A-4347-A968-ACCC9DAD6CD1}.Release|Any CPU.ActiveCfg = Release|Any CPU
		{BCF8AA54-695A-4347-A968-ACCC9DAD6CD1}.Release|Any CPU.Build.0 = Release|Any CPU
	EndGlobalSection
	GlobalSection(SolutionProperties) = preSolution
		HideSolutionNode = FALSE
	EndGlobalSection
EndGlobal
